
Microsoft Visual Studio Solution File, Format Version 12.00
# Visual Studio Version 16
VisualStudioVersion = 16.0.29123.88
MinimumVisualStudioVersion = 10.0.40219.1
Project("{FAE04EC0-301F-11D3-BF4B-00C04F79EFBC}") = "FlyFoodGit", "FlyFoodGit\FlyFoodGit.csproj", "{6F828CFA-4C08-47CE-BD31-21D6C4AD4782}"
EndProject
Global
	GlobalSection(SolutionConfigurationPlatforms) = preSolution
		Debug|Any CPU = Debug|Any CPU
		Release|Any CPU = Release|Any CPU
	EndGlobalSection
	GlobalSection(ProjectConfigurationPlatforms) = postSolution
		{6F828CFA-4C08-47CE-BD31-21D6C4AD4782}.Debug|Any CPU.ActiveCfg = Debug|Any CPU
		{6F828CFA-4C08-47CE-BD31-21D6C4AD4782}.Debug|Any CPU.Build.0 = Debug|Any CPU
		{6F828CFA-4C08-47CE-BD31-21D6C4AD4782}.Release|Any CPU.ActiveCfg = Release|Any CPU
		{6F828CFA-4C08-47CE-BD31-21D6C4AD4782}.Release|Any CPU.Build.0 = Release|Any CPU
	EndGlobalSection
	GlobalSection(SolutionProperties) = preSolution
		HideSolutionNode = FALSE
	EndGlobalSection
	GlobalSection(ExtensibilityGlobals) = postSolution
		SolutionGuid = {724D9EB6-620A-4EE1-B995-3B2980D5FADE}
	EndGlobalSection
EndGlobal
